// !$*UTF8*$!
{
	archiveVersion = 1;
	classes = {
	};
	objectVersion = 77;
	objects = {

/* Begin PBXContainerItemProxy section */
		66355BD82D2CC9C500D5ACE7 /* PBXContainerItemProxy */ = {
			isa = PBXContainerItemProxy;
			containerPortal = 66355BBF2D2CC9BF00D5ACE7 /* Project object */;
			proxyType = 1;
			remoteGlobalIDString = 66355BC62D2CC9BF00D5ACE7;
			remoteInfo = "AI Trainer";
		};
		66355BE22D2CC9C500D5ACE7 /* PBXContainerItemProxy */ = {
			isa = PBXContainerItemProxy;
			containerPortal = 66355BBF2D2CC9BF00D5ACE7 /* Project object */;
			proxyType = 1;
			remoteGlobalIDString = 66355BC62D2CC9BF00D5ACE7;
			remoteInfo = "AI Trainer";
		};
		668773CE2D301EC400369FE2 /* PBXContainerItemProxy */ = {
			isa = PBXContainerItemProxy;
			containerPortal = 66355BBF2D2CC9BF00D5ACE7 /* Project object */;
			proxyType = 1;
			remoteGlobalIDString = 66355BC62D2CC9BF00D5ACE7;
			remoteInfo = "AI Trainer";
		};
/* End PBXContainerItemProxy section */

/* Begin PBXFileReference section */
		668773CA2D301EC400369FE2 /* Model Unit Tests.xctest */ = {isa = PBXFileReference; explicitFileType = wrapper.cfbundle; includeInIndex = 0; path = "Model Unit Tests.xctest"; sourceTree = BUILT_PRODUCTS_DIR; };
		668773DB2D30213100369FE2 /* AI Trainer.app */ = {isa = PBXFileReference; explicitFileType = wrapper.application; includeInIndex = 0; path = "AI Trainer.app"; sourceTree = BUILT_PRODUCTS_DIR; };
		668773E42D3022AF00369FE2 /* AI TrainerTests.xctest */ = {isa = PBXFileReference; explicitFileType = wrapper.cfbundle; includeInIndex = 0; path = "AI TrainerTests.xctest"; sourceTree = BUILT_PRODUCTS_DIR; };
		668773E52D3022AF00369FE2 /* AI TrainerUITests.xctest */ = {isa = PBXFileReference; explicitFileType = wrapper.cfbundle; includeInIndex = 0; path = "AI TrainerUITests.xctest"; sourceTree = BUILT_PRODUCTS_DIR; };
		668773FA2D306FD400369FE2 /* AI Trainer.xctestplan */ = {isa = PBXFileReference; lastKnownFileType = text; path = "AI Trainer.xctestplan"; sourceTree = "<group>"; };
/* End PBXFileReference section */

/* Begin PBXFileSystemSynchronizedBuildFileExceptionSet section */
		668773E32D30225800369FE2 /* Exceptions for "Tests" folder in "AI TrainerTests" target */ = {
			isa = PBXFileSystemSynchronizedBuildFileExceptionSet;
			membershipExceptions = (
				"Model Unit Tests/Model_Unit_Tests.swift",
			);
			target = 66355BD62D2CC9C500D5ACE7 /* AI TrainerTests */;
		};
		668773E72D30230100369FE2 /* Exceptions for "Models" folder in "AI Trainer" target */ = {
			isa = PBXFileSystemSynchronizedBuildFileExceptionSet;
			membershipExceptions = (
				Insight.swift,
				Progress.swift,
				Recommendation.swift,
				Statistic.swift,
				Trainer.swift,
				User.swift,
				Workout.swift,
				WorkoutSession.swift,
			);
			target = 66355BC62D2CC9BF00D5ACE7 /* AI Trainer */;
		};
		668773F72D302FC800369FE2 /* Exceptions for "Views" folder in "AI Trainer" target */ = {
			isa = PBXFileSystemSynchronizedBuildFileExceptionSet;
			membershipExceptions = (
				ContentView.swift,
			);
			target = 66355BC62D2CC9BF00D5ACE7 /* AI Trainer */;
		};
		668773F92D30305800369FE2 /* Exceptions for "App" folder in "AI Trainer" target */ = {
			isa = PBXFileSystemSynchronizedBuildFileExceptionSet;
			membershipExceptions = (
				AI_TrainerApp.swift,
			);
			target = 66355BC62D2CC9BF00D5ACE7 /* AI Trainer */;
		};
		668774152D3073BF00369FE2 /* Exceptions for "Services" folder in "AI Trainer" target */ = {
			isa = PBXFileSystemSynchronizedBuildFileExceptionSet;
			membershipExceptions = (
				CoreDataManager.swift,
			);
			target = 66355BC62D2CC9BF00D5ACE7 /* AI Trainer */;
		};
/* End PBXFileSystemSynchronizedBuildFileExceptionSet section */

/* Begin PBXFileSystemSynchronizedRootGroup section */
		668773AD2D2DCC8E00369FE2 /* App */ = {
			isa = PBXFileSystemSynchronizedRootGroup;
			exceptions = (
				668773F92D30305800369FE2 /* Exceptions for "App" folder in "AI Trainer" target */,
			);
			path = App;
			sourceTree = "<group>";
		};
		668773AE2D2DCD0600369FE2 /* Resources */ = {
			isa = PBXFileSystemSynchronizedRootGroup;
			path = Resources;
			sourceTree = "<group>";
		};
		668773AF2D2DCD0D00369FE2 /* Models */ = {
			isa = PBXFileSystemSynchronizedRootGroup;
			exceptions = (
				668773E72D30230100369FE2 /* Exceptions for "Models" folder in "AI Trainer" target */,
			);
			path = Models;
			sourceTree = "<group>";
		};
		668773B02D2DCD1A00369FE2 /* ViewModels */ = {
			isa = PBXFileSystemSynchronizedRootGroup;
			path = ViewModels;
			sourceTree = "<group>";
		};
		668773B12D2DCD2200369FE2 /* Views */ = {
			isa = PBXFileSystemSynchronizedRootGroup;
			exceptions = (
				668773F72D302FC800369FE2 /* Exceptions for "Views" folder in "AI Trainer" target */,
			);
			path = Views;
			sourceTree = "<group>";
		};
		668773B22D2DCD2700369FE2 /* Services */ = {
			isa = PBXFileSystemSynchronizedRootGroup;
			exceptions = (
				668774152D3073BF00369FE2 /* Exceptions for "Services" folder in "AI Trainer" target */,
			);
			path = Services;
			sourceTree = "<group>";
		};
		668773B32D2DCD3600369FE2 /* Helpers */ = {
			isa = PBXFileSystemSynchronizedRootGroup;
			path = Helpers;
			sourceTree = "<group>";
		};
		668773C52D301EA200369FE2 /* Tests */ = {
			isa = PBXFileSystemSynchronizedRootGroup;
			exceptions = (
				668773E32D30225800369FE2 /* Exceptions for "Tests" folder in "AI TrainerTests" target */,
			);
			path = Tests;
			sourceTree = "<group>";
		};
		668773F02D30261000369FE2 /* AI Trainer */ = {
			isa = PBXFileSystemSynchronizedRootGroup;
			path = "AI Trainer";
			sourceTree = "<group>";
		};
/* End PBXFileSystemSynchronizedRootGroup section */

/* Begin PBXFrameworksBuildPhase section */
		66355BC42D2CC9BF00D5ACE7 /* Frameworks */ = {
			isa = PBXFrameworksBuildPhase;
			buildActionMask = 2147483647;
			files = (
			);
			runOnlyForDeploymentPostprocessing = 0;
		};
		66355BD42D2CC9C500D5ACE7 /* Frameworks */ = {
			isa = PBXFrameworksBuildPhase;
			buildActionMask = 2147483647;
			files = (
			);
			runOnlyForDeploymentPostprocessing = 0;
		};
		66355BDE2D2CC9C500D5ACE7 /* Frameworks */ = {
			isa = PBXFrameworksBuildPhase;
			buildActionMask = 2147483647;
			files = (
			);
			runOnlyForDeploymentPostprocessing = 0;
		};
		668773C72D301EC400369FE2 /* Frameworks */ = {
			isa = PBXFrameworksBuildPhase;
			buildActionMask = 2147483647;
			files = (
			);
			runOnlyForDeploymentPostprocessing = 0;
		};
/* End PBXFrameworksBuildPhase section */

/* Begin PBXGroup section */
		66355BBE2D2CC9BF00D5ACE7 = {
			isa = PBXGroup;
			children = (
				668773FA2D306FD400369FE2 /* AI Trainer.xctestplan */,
				668773F02D30261000369FE2 /* AI Trainer */,
				668773B32D2DCD3600369FE2 /* Helpers */,
				668773B22D2DCD2700369FE2 /* Services */,
				668773B12D2DCD2200369FE2 /* Views */,
				668773B02D2DCD1A00369FE2 /* ViewModels */,
				668773AF2D2DCD0D00369FE2 /* Models */,
				668773AE2D2DCD0600369FE2 /* Resources */,
				668773AD2D2DCC8E00369FE2 /* App */,
				668773C52D301EA200369FE2 /* Tests */,
				668773CA2D301EC400369FE2 /* Model Unit Tests.xctest */,
				668773DB2D30213100369FE2 /* AI Trainer.app */,
				668773E42D3022AF00369FE2 /* AI TrainerTests.xctest */,
				668773E52D3022AF00369FE2 /* AI TrainerUITests.xctest */,
			);
			sourceTree = "<group>";
		};
/* End PBXGroup section */

/* Begin PBXNativeTarget section */
		66355BC62D2CC9BF00D5ACE7 /* AI Trainer */ = {
			isa = PBXNativeTarget;
			buildConfigurationList = 66355BEB2D2CC9C500D5ACE7 /* Build configuration list for PBXNativeTarget "AI Trainer" */;
			buildPhases = (
				66355BC32D2CC9BF00D5ACE7 /* Sources */,
				66355BC42D2CC9BF00D5ACE7 /* Frameworks */,
				66355BC52D2CC9BF00D5ACE7 /* Resources */,
			);
			buildRules = (
			);
			dependencies = (
			);
			name = "AI Trainer";
			packageProductDependencies = (
			);
			productName = "AI Trainer";
			productReference = 668773DB2D30213100369FE2 /* AI Trainer.app */;
			productType = "com.apple.product-type.application";
		};
		66355BD62D2CC9C500D5ACE7 /* AI TrainerTests */ = {
			isa = PBXNativeTarget;
			buildConfigurationList = 66355BEE2D2CC9C500D5ACE7 /* Build configuration list for PBXNativeTarget "AI TrainerTests" */;
			buildPhases = (
				66355BD32D2CC9C500D5ACE7 /* Sources */,
				66355BD42D2CC9C500D5ACE7 /* Frameworks */,
				66355BD52D2CC9C500D5ACE7 /* Resources */,
			);
			buildRules = (
			);
			dependencies = (
				66355BD92D2CC9C500D5ACE7 /* PBXTargetDependency */,
			);
			name = "AI TrainerTests";
			packageProductDependencies = (
			);
			productName = "AI TrainerTests";
			productReference = 668773E42D3022AF00369FE2 /* AI TrainerTests.xctest */;
			productType = "com.apple.product-type.bundle.unit-test";
		};
		66355BE02D2CC9C500D5ACE7 /* AI TrainerUITests */ = {
			isa = PBXNativeTarget;
			buildConfigurationList = 66355BF12D2CC9C500D5ACE7 /* Build configuration list for PBXNativeTarget "AI TrainerUITests" */;
			buildPhases = (
				66355BDD2D2CC9C500D5ACE7 /* Sources */,
				66355BDE2D2CC9C500D5ACE7 /* Frameworks */,
				66355BDF2D2CC9C500D5ACE7 /* Resources */,
			);
			buildRules = (
			);
			dependencies = (
				66355BE32D2CC9C500D5ACE7 /* PBXTargetDependency */,
			);
			name = "AI TrainerUITests";
			packageProductDependencies = (
			);
			productName = "AI TrainerUITests";
			productReference = 668773E52D3022AF00369FE2 /* AI TrainerUITests.xctest */;
			productType = "com.apple.product-type.bundle.ui-testing";
		};
		668773C92D301EC400369FE2 /* Model Unit Tests */ = {
			isa = PBXNativeTarget;
			buildConfigurationList = 668773D02D301EC400369FE2 /* Build configuration list for PBXNativeTarget "Model Unit Tests" */;
			buildPhases = (
				668773C62D301EC400369FE2 /* Sources */,
				668773C72D301EC400369FE2 /* Frameworks */,
				668773C82D301EC400369FE2 /* Resources */,
			);
			buildRules = (
			);
			dependencies = (
				668773CF2D301EC400369FE2 /* PBXTargetDependency */,
			);
			name = "Model Unit Tests";
			packageProductDependencies = (
			);
			productName = "Model Unit Tests";
			productReference = 668773CA2D301EC400369FE2 /* Model Unit Tests.xctest */;
			productType = "com.apple.product-type.bundle.unit-test";
		};
/* End PBXNativeTarget section */

/* Begin PBXProject section */
		66355BBF2D2CC9BF00D5ACE7 /* Project object */ = {
			isa = PBXProject;
			attributes = {
				BuildIndependentTargetsInParallel = 1;
				LastSwiftUpdateCheck = 1620;
				LastUpgradeCheck = 1620;
				TargetAttributes = {
					66355BC62D2CC9BF00D5ACE7 = {
						CreatedOnToolsVersion = 16.2;
					};
					66355BD62D2CC9C500D5ACE7 = {
						CreatedOnToolsVersion = 16.2;
						TestTargetID = 66355BC62D2CC9BF00D5ACE7;
					};
					66355BE02D2CC9C500D5ACE7 = {
						CreatedOnToolsVersion = 16.2;
						TestTargetID = 66355BC62D2CC9BF00D5ACE7;
					};
					668773C92D301EC400369FE2 = {
						CreatedOnToolsVersion = 16.2;
						TestTargetID = 66355BC62D2CC9BF00D5ACE7;
					};
				};
			};
			buildConfigurationList = 66355BC22D2CC9BF00D5ACE7 /* Build configuration list for PBXProject "AI Trainer" */;
			developmentRegion = en;
			hasScannedForEncodings = 0;
			knownRegions = (
				en,
				Base,
			);
			mainGroup = 66355BBE2D2CC9BF00D5ACE7;
			minimizedProjectReferenceProxies = 1;
			preferredProjectObjectVersion = 77;
			productRefGroup = 66355BBE2D2CC9BF00D5ACE7;
			projectDirPath = "";
			projectRoot = "";
			targets = (
				66355BC62D2CC9BF00D5ACE7 /* AI Trainer */,
				66355BD62D2CC9C500D5ACE7 /* AI TrainerTests */,
				66355BE02D2CC9C500D5ACE7 /* AI TrainerUITests */,
				668773C92D301EC400369FE2 /* Model Unit Tests */,
			);
		};
/* End PBXProject section */

/* Begin PBXResourcesBuildPhase section */
		66355BC52D2CC9BF00D5ACE7 /* Resources */ = {
			isa = PBXResourcesBuildPhase;
			buildActionMask = 2147483647;
			files = (
			);
			runOnlyForDeploymentPostprocessing = 0;
		};
		66355BD52D2CC9C500D5ACE7 /* Resources */ = {
			isa = PBXResourcesBuildPhase;
			buildActionMask = 2147483647;
			files = (
			);
			runOnlyForDeploymentPostprocessing = 0;
		};
		66355BDF2D2CC9C500D5ACE7 /* Resources */ = {
			isa = PBXResourcesBuildPhase;
			buildActionMask = 2147483647;
			files = (
			);
			runOnlyForDeploymentPostprocessing = 0;
		};
		668773C82D301EC400369FE2 /* Resources */ = {
			isa = PBXResourcesBuildPhase;
			buildActionMask = 2147483647;
			files = (
			);
			runOnlyForDeploymentPostprocessing = 0;
		};
/* End PBXResourcesBuildPhase section */

/* Begin PBXSourcesBuildPhase section */
		66355BC32D2CC9BF00D5ACE7 /* Sources */ = {
			isa = PBXSourcesBuildPhase;
			buildActionMask = 2147483647;
			files = (
			);
			runOnlyForDeploymentPostprocessing = 0;
		};
		66355BD32D2CC9C500D5ACE7 /* Sources */ = {
			isa = PBXSourcesBuildPhase;
			buildActionMask = 2147483647;
			files = (
			);
			runOnlyForDeploymentPostprocessing = 0;
		};
		66355BDD2D2CC9C500D5ACE7 /* Sources */ = {
			isa = PBXSourcesBuildPhase;
			buildActionMask = 2147483647;
			files = (
			);
			runOnlyForDeploymentPostprocessing = 0;
		};
		668773C62D301EC400369FE2 /* Sources */ = {
			isa = PBXSourcesBuildPhase;
			buildActionMask = 2147483647;
			files = (
			);
			runOnlyForDeploymentPostprocessing = 0;
		};
/* End PBXSourcesBuildPhase section */

/* Begin PBXTargetDependency section */
		66355BD92D2CC9C500D5ACE7 /* PBXTargetDependency */ = {
			isa = PBXTargetDependency;
			target = 66355BC62D2CC9BF00D5ACE7 /* AI Trainer */;
			targetProxy = 66355BD82D2CC9C500D5ACE7 /* PBXContainerItemProxy */;
		};
		66355BE32D2CC9C500D5ACE7 /* PBXTargetDependency */ = {
			isa = PBXTargetDependency;
			target = 66355BC62D2CC9BF00D5ACE7 /* AI Trainer */;
			targetProxy = 66355BE22D2CC9C500D5ACE7 /* PBXContainerItemProxy */;
		};
		668773CF2D301EC400369FE2 /* PBXTargetDependency */ = {
			isa = PBXTargetDependency;
			target = 66355BC62D2CC9BF00D5ACE7 /* AI Trainer */;
			targetProxy = 668773CE2D301EC400369FE2 /* PBXContainerItemProxy */;
		};
/* End PBXTargetDependency section */

/* Begin XCBuildConfiguration section */
		66355BE92D2CC9C500D5ACE7 /* Debug */ = {
			isa = XCBuildConfiguration;
			buildSettings = {
				ALWAYS_SEARCH_USER_PATHS = NO;
				ASSETCATALOG_COMPILER_GENERATE_SWIFT_ASSET_SYMBOL_EXTENSIONS = YES;
				CLANG_ANALYZER_NONNULL = YES;
				CLANG_ANALYZER_NUMBER_OBJECT_CONVERSION = YES_AGGRESSIVE;
				CLANG_CXX_LANGUAGE_STANDARD = "gnu++20";
				CLANG_ENABLE_MODULES = YES;
				CLANG_ENABLE_OBJC_ARC = YES;
				CLANG_ENABLE_OBJC_WEAK = YES;
				CLANG_WARN_BLOCK_CAPTURE_AUTORELEASING = YES;
				CLANG_WARN_BOOL_CONVERSION = YES;
				CLANG_WARN_COMMA = YES;
				CLANG_WARN_CONSTANT_CONVERSION = YES;
				CLANG_WARN_DEPRECATED_OBJC_IMPLEMENTATIONS = YES;
				CLANG_WARN_DIRECT_OBJC_ISA_USAGE = YES_ERROR;
				CLANG_WARN_DOCUMENTATION_COMMENTS = YES;
				CLANG_WARN_EMPTY_BODY = YES;
				CLANG_WARN_ENUM_CONVERSION = YES;
				CLANG_WARN_INFINITE_RECURSION = YES;
				CLANG_WARN_INT_CONVERSION = YES;
				CLANG_WARN_NON_LITERAL_NULL_CONVERSION = YES;
				CLANG_WARN_OBJC_IMPLICIT_RETAIN_SELF = YES;
				CLANG_WARN_OBJC_LITERAL_CONVERSION = YES;
				CLANG_WARN_OBJC_ROOT_CLASS = YES_ERROR;
				CLANG_WARN_QUOTED_INCLUDE_IN_FRAMEWORK_HEADER = YES;
				CLANG_WARN_RANGE_LOOP_ANALYSIS = YES;
				CLANG_WARN_STRICT_PROTOTYPES = YES;
				CLANG_WARN_SUSPICIOUS_MOVE = YES;
				CLANG_WARN_UNGUARDED_AVAILABILITY = YES_AGGRESSIVE;
				CLANG_WARN_UNREACHABLE_CODE = YES;
				CLANG_WARN__DUPLICATE_METHOD_MATCH = YES;
				COPY_PHASE_STRIP = NO;
				DEBUG_INFORMATION_FORMAT = dwarf;
				ENABLE_STRICT_OBJC_MSGSEND = YES;
				ENABLE_TESTABILITY = YES;
				ENABLE_USER_SCRIPT_SANDBOXING = YES;
				GCC_C_LANGUAGE_STANDARD = gnu17;
				GCC_DYNAMIC_NO_PIC = NO;
				GCC_NO_COMMON_BLOCKS = YES;
				GCC_OPTIMIZATION_LEVEL = 0;
				GCC_PREPROCESSOR_DEFINITIONS = (
					"DEBUG=1",
					"$(inherited)",
				);
				GCC_WARN_64_TO_32_BIT_CONVERSION = YES;
				GCC_WARN_ABOUT_RETURN_TYPE = YES_ERROR;
				GCC_WARN_UNDECLARED_SELECTOR = YES;
				GCC_WARN_UNINITIALIZED_AUTOS = YES_AGGRESSIVE;
				GCC_WARN_UNUSED_FUNCTION = YES;
				GCC_WARN_UNUSED_VARIABLE = YES;
				IPHONEOS_DEPLOYMENT_TARGET = 18.2;
				LOCALIZATION_PREFERS_STRING_CATALOGS = YES;
				MTL_ENABLE_DEBUG_INFO = INCLUDE_SOURCE;
				MTL_FAST_MATH = YES;
				ONLY_ACTIVE_ARCH = YES;
				SDKROOT = iphoneos;
				SWIFT_ACTIVE_COMPILATION_CONDITIONS = "DEBUG $(inherited)";
				SWIFT_OPTIMIZATION_LEVEL = "-Onone";
			};
			name = Debug;
		};
		66355BEA2D2CC9C500D5ACE7 /* Release */ = {
			isa = XCBuildConfiguration;
			buildSettings = {
				ALWAYS_SEARCH_USER_PATHS = NO;
				ASSETCATALOG_COMPILER_GENERATE_SWIFT_ASSET_SYMBOL_EXTENSIONS = YES;
				CLANG_ANALYZER_NONNULL = YES;
				CLANG_ANALYZER_NUMBER_OBJECT_CONVERSION = YES_AGGRESSIVE;
				CLANG_CXX_LANGUAGE_STANDARD = "gnu++20";
				CLANG_ENABLE_MODULES = YES;
				CLANG_ENABLE_OBJC_ARC = YES;
				CLANG_ENABLE_OBJC_WEAK = YES;
				CLANG_WARN_BLOCK_CAPTURE_AUTORELEASING = YES;
				CLANG_WARN_BOOL_CONVERSION = YES;
				CLANG_WARN_COMMA = YES;
				CLANG_WARN_CONSTANT_CONVERSION = YES;
				CLANG_WARN_DEPRECATED_OBJC_IMPLEMENTATIONS = YES;
				CLANG_WARN_DIRECT_OBJC_ISA_USAGE = YES_ERROR;
				CLANG_WARN_DOCUMENTATION_COMMENTS = YES;
				CLANG_WARN_EMPTY_BODY = YES;
				CLANG_WARN_ENUM_CONVERSION = YES;
				CLANG_WARN_INFINITE_RECURSION = YES;
				CLANG_WARN_INT_CONVERSION = YES;
				CLANG_WARN_NON_LITERAL_NULL_CONVERSION = YES;
				CLANG_WARN_OBJC_IMPLICIT_RETAIN_SELF = YES;
				CLANG_WARN_OBJC_LITERAL_CONVERSION = YES;
				CLANG_WARN_OBJC_ROOT_CLASS = YES_ERROR;
				CLANG_WARN_QUOTED_INCLUDE_IN_FRAMEWORK_HEADER = YES;
				CLANG_WARN_RANGE_LOOP_ANALYSIS = YES;
				CLANG_WARN_STRICT_PROTOTYPES = YES;
				CLANG_WARN_SUSPICIOUS_MOVE = YES;
				CLANG_WARN_UNGUARDED_AVAILABILITY = YES_AGGRESSIVE;
				CLANG_WARN_UNREACHABLE_CODE = YES;
				CLANG_WARN__DUPLICATE_METHOD_MATCH = YES;
				COPY_PHASE_STRIP = NO;
				DEBUG_INFORMATION_FORMAT = "dwarf-with-dsym";
				ENABLE_NS_ASSERTIONS = NO;
				ENABLE_STRICT_OBJC_MSGSEND = YES;
				ENABLE_USER_SCRIPT_SANDBOXING = YES;
				GCC_C_LANGUAGE_STANDARD = gnu17;
				GCC_NO_COMMON_BLOCKS = YES;
				GCC_WARN_64_TO_32_BIT_CONVERSION = YES;
				GCC_WARN_ABOUT_RETURN_TYPE = YES_ERROR;
				GCC_WARN_UNDECLARED_SELECTOR = YES;
				GCC_WARN_UNINITIALIZED_AUTOS = YES_AGGRESSIVE;
				GCC_WARN_UNUSED_FUNCTION = YES;
				GCC_WARN_UNUSED_VARIABLE = YES;
				IPHONEOS_DEPLOYMENT_TARGET = 18.2;
				LOCALIZATION_PREFERS_STRING_CATALOGS = YES;
				MTL_ENABLE_DEBUG_INFO = NO;
				MTL_FAST_MATH = YES;
				SDKROOT = iphoneos;
				SWIFT_COMPILATION_MODE = wholemodule;
				VALIDATE_PRODUCT = YES;
			};
			name = Release;
		};
		66355BEC2D2CC9C500D5ACE7 /* Debug */ = {
			isa = XCBuildConfiguration;
			buildSettings = {
				ASSETCATALOG_COMPILER_APPICON_NAME = AppIcon;
				ASSETCATALOG_COMPILER_GLOBAL_ACCENT_COLOR_NAME = AccentColor;
				CODE_SIGN_STYLE = Automatic;
				CURRENT_PROJECT_VERSION = 1;
				DEVELOPMENT_ASSET_PATHS = "\"AI Trainer/Preview Content\"";
				ENABLE_PREVIEWS = YES;
				GENERATE_INFOPLIST_FILE = YES;
				INFOPLIST_KEY_UIApplicationSceneManifest_Generation = YES;
				INFOPLIST_KEY_UIApplicationSupportsIndirectInputEvents = YES;
				INFOPLIST_KEY_UILaunchScreen_Generation = YES;
				INFOPLIST_KEY_UISupportedInterfaceOrientations_iPad = "UIInterfaceOrientationPortrait UIInterfaceOrientationPortraitUpsideDown UIInterfaceOrientationLandscapeLeft UIInterfaceOrientationLandscapeRight";
				INFOPLIST_KEY_UISupportedInterfaceOrientations_iPhone = "UIInterfaceOrientationPortrait UIInterfaceOrientationLandscapeLeft UIInterfaceOrientationLandscapeRight";
				LD_RUNPATH_SEARCH_PATHS = (
					"$(inherited)",
					"@executable_path/Frameworks",
				);
				MARKETING_VERSION = 1.0;
				PRODUCT_BUNDLE_IDENTIFIER = "name.oliverostojic.AI-Trainer";
				PRODUCT_NAME = "$(TARGET_NAME)";
				SWIFT_EMIT_LOC_STRINGS = YES;
				SWIFT_VERSION = 5.0;
				TARGETED_DEVICE_FAMILY = "1,2";
			};
			name = Debug;
		};
		66355BED2D2CC9C500D5ACE7 /* Release */ = {
			isa = XCBuildConfiguration;
			buildSettings = {
				ASSETCATALOG_COMPILER_APPICON_NAME = AppIcon;
				ASSETCATALOG_COMPILER_GLOBAL_ACCENT_COLOR_NAME = AccentColor;
				CODE_SIGN_STYLE = Automatic;
				CURRENT_PROJECT_VERSION = 1;
				DEVELOPMENT_ASSET_PATHS = "\"AI Trainer/Preview Content\"";
				ENABLE_PREVIEWS = YES;
				GENERATE_INFOPLIST_FILE = YES;
				INFOPLIST_KEY_UIApplicationSceneManifest_Generation = YES;
				INFOPLIST_KEY_UIApplicationSupportsIndirectInputEvents = YES;
				INFOPLIST_KEY_UILaunchScreen_Generation = YES;
				INFOPLIST_KEY_UISupportedInterfaceOrientations_iPad = "UIInterfaceOrientationPortrait UIInterfaceOrientationPortraitUpsideDown UIInterfaceOrientationLandscapeLeft UIInterfaceOrientationLandscapeRight";
				INFOPLIST_KEY_UISupportedInterfaceOrientations_iPhone = "UIInterfaceOrientationPortrait UIInterfaceOrientationLandscapeLeft UIInterfaceOrientationLandscapeRight";
				LD_RUNPATH_SEARCH_PATHS = (
					"$(inherited)",
					"@executable_path/Frameworks",
				);
				MARKETING_VERSION = 1.0;
				PRODUCT_BUNDLE_IDENTIFIER = "name.oliverostojic.AI-Trainer";
				PRODUCT_NAME = "$(TARGET_NAME)";
				SWIFT_EMIT_LOC_STRINGS = YES;
				SWIFT_VERSION = 5.0;
				TARGETED_DEVICE_FAMILY = "1,2";
			};
			name = Release;
		};
		66355BEF2D2CC9C500D5ACE7 /* Debug */ = {
			isa = XCBuildConfiguration;
			buildSettings = {
				BUNDLE_LOADER = "$(TEST_HOST)";
				CODE_SIGN_STYLE = Automatic;
				CURRENT_PROJECT_VERSION = 1;
				GENERATE_INFOPLIST_FILE = YES;
				IPHONEOS_DEPLOYMENT_TARGET = 18.2;
				MARKETING_VERSION = 1.0;
				PRODUCT_BUNDLE_IDENTIFIER = "name.oliverostojic.AI-TrainerTests";
				PRODUCT_NAME = "$(TARGET_NAME)";
				SWIFT_EMIT_LOC_STRINGS = NO;
				SWIFT_VERSION = 5.0;
				TARGETED_DEVICE_FAMILY = "1,2";
				TEST_HOST = "$(BUILT_PRODUCTS_DIR)/AI Trainer.app/$(BUNDLE_EXECUTABLE_FOLDER_PATH)/AI Trainer";
			};
			name = Debug;
		};
		66355BF02D2CC9C500D5ACE7 /* Release */ = {
			isa = XCBuildConfiguration;
			buildSettings = {
				BUNDLE_LOADER = "$(TEST_HOST)";
				CODE_SIGN_STYLE = Automatic;
				CURRENT_PROJECT_VERSION = 1;
				GENERATE_INFOPLIST_FILE = YES;
				IPHONEOS_DEPLOYMENT_TARGET = 18.2;
				MARKETING_VERSION = 1.0;
				PRODUCT_BUNDLE_IDENTIFIER = "name.oliverostojic.AI-TrainerTests";
				PRODUCT_NAME = "$(TARGET_NAME)";
				SWIFT_EMIT_LOC_STRINGS = NO;
				SWIFT_VERSION = 5.0;
				TARGETED_DEVICE_FAMILY = "1,2";
				TEST_HOST = "$(BUILT_PRODUCTS_DIR)/AI Trainer.app/$(BUNDLE_EXECUTABLE_FOLDER_PATH)/AI Trainer";
			};
			name = Release;
		};
		66355BF22D2CC9C500D5ACE7 /* Debug */ = {
			isa = XCBuildConfiguration;
			buildSettings = {
				CODE_SIGN_STYLE = Automatic;
				CURRENT_PROJECT_VERSION = 1;
				GENERATE_INFOPLIST_FILE = YES;
				MARKETING_VERSION = 1.0;
				PRODUCT_BUNDLE_IDENTIFIER = "name.oliverostojic.AI-TrainerUITests";
				PRODUCT_NAME = "$(TARGET_NAME)";
				SWIFT_EMIT_LOC_STRINGS = NO;
				SWIFT_VERSION = 5.0;
				TARGETED_DEVICE_FAMILY = "1,2";
				TEST_TARGET_NAME = "AI Trainer";
			};
			name = Debug;
		};
		66355BF32D2CC9C500D5ACE7 /* Release */ = {
			isa = XCBuildConfiguration;
			buildSettings = {
				CODE_SIGN_STYLE = Automatic;
				CURRENT_PROJECT_VERSION = 1;
				GENERATE_INFOPLIST_FILE = YES;
				MARKETING_VERSION = 1.0;
				PRODUCT_BUNDLE_IDENTIFIER = "name.oliverostojic.AI-TrainerUITests";
				PRODUCT_NAME = "$(TARGET_NAME)";
				SWIFT_EMIT_LOC_STRINGS = NO;
				SWIFT_VERSION = 5.0;
				TARGETED_DEVICE_FAMILY = "1,2";
				TEST_TARGET_NAME = "AI Trainer";
			};
			name = Release;
		};
		668773D12D301EC400369FE2 /* Debug */ = {
			isa = XCBuildConfiguration;
			buildSettings = {
				BUNDLE_LOADER = "$(TEST_HOST)";
				CODE_SIGN_STYLE = Automatic;
				CURRENT_PROJECT_VERSION = 1;
				GENERATE_INFOPLIST_FILE = YES;
				MARKETING_VERSION = 1.0;
				PRODUCT_BUNDLE_IDENTIFIER = "name.oliverostojic.Model-Unit-Tests";
				PRODUCT_NAME = "$(TARGET_NAME)";
				SWIFT_EMIT_LOC_STRINGS = NO;
				SWIFT_VERSION = 5.0;
				TARGETED_DEVICE_FAMILY = "1,2";
				TEST_HOST = "$(BUILT_PRODUCTS_DIR)/AI Trainer.app/$(BUNDLE_EXECUTABLE_FOLDER_PATH)/AI Trainer";
			};
			name = Debug;
		};
		668773D22D301EC400369FE2 /* Release */ = {
			isa = XCBuildConfiguration;
			buildSettings = {
				BUNDLE_LOADER = "$(TEST_HOST)";
				CODE_SIGN_STYLE = Automatic;
				CURRENT_PROJECT_VERSION = 1;
				GENERATE_INFOPLIST_FILE = YES;
				MARKETING_VERSION = 1.0;
				PRODUCT_BUNDLE_IDENTIFIER = "name.oliverostojic.Model-Unit-Tests";
				PRODUCT_NAME = "$(TARGET_NAME)";
				SWIFT_EMIT_LOC_STRINGS = NO;
				SWIFT_VERSION = 5.0;
				TARGETED_DEVICE_FAMILY = "1,2";
				TEST_HOST = "$(BUILT_PRODUCTS_DIR)/AI Trainer.app/$(BUNDLE_EXECUTABLE_FOLDER_PATH)/AI Trainer";
			};
			name = Release;
		};
/* End XCBuildConfiguration section */

/* Begin XCConfigurationList section */
		66355BC22D2CC9BF00D5ACE7 /* Build configuration list for PBXProject "AI Trainer" */ = {
			isa = XCConfigurationList;
			buildConfigurations = (
				66355BE92D2CC9C500D5ACE7 /* Debug */,
				66355BEA2D2CC9C500D5ACE7 /* Release */,
			);
			defaultConfigurationIsVisible = 0;
			defaultConfigurationName = Release;
		};
		66355BEB2D2CC9C500D5ACE7 /* Build configuration list for PBXNativeTarget "AI Trainer" */ = {
			isa = XCConfigurationList;
			buildConfigurations = (
				66355BEC2D2CC9C500D5ACE7 /* Debug */,
				66355BED2D2CC9C500D5ACE7 /* Release */,
			);
			defaultConfigurationIsVisible = 0;
			defaultConfigurationName = Release;
		};
		66355BEE2D2CC9C500D5ACE7 /* Build configuration list for PBXNativeTarget "AI TrainerTests" */ = {
			isa = XCConfigurationList;
			buildConfigurations = (
				66355BEF2D2CC9C500D5ACE7 /* Debug */,
				66355BF02D2CC9C500D5ACE7 /* Release */,
			);
			defaultConfigurationIsVisible = 0;
			defaultConfigurationName = Release;
		};
		66355BF12D2CC9C500D5ACE7 /* Build configuration list for PBXNativeTarget "AI TrainerUITests" */ = {
			isa = XCConfigurationList;
			buildConfigurations = (
				66355BF22D2CC9C500D5ACE7 /* Debug */,
				66355BF32D2CC9C500D5ACE7 /* Release */,
			);
			defaultConfigurationIsVisible = 0;
			defaultConfigurationName = Release;
		};
		668773D02D301EC400369FE2 /* Build configuration list for PBXNativeTarget "Model Unit Tests" */ = {
			isa = XCConfigurationList;
			buildConfigurations = (
				668773D12D301EC400369FE2 /* Debug */,
				668773D22D301EC400369FE2 /* Release */,
			);
			defaultConfigurationIsVisible = 0;
			defaultConfigurationName = Release;
		};
/* End XCConfigurationList section */
	};
	rootObject = 66355BBF2D2CC9BF00D5ACE7 /* Project object */;
}
